// !$*UTF8*$!
{
	archiveVersion = 1;
	classes = {
	};
	objectVersion = 46;
	objects = {

/* Begin PBXBuildFile section */
		681B87021547F867008C5F6B /* UIKit.framework in Frameworks */ = {isa = PBXBuildFile; fileRef = 681B87011547F867008C5F6B /* UIKit.framework */; };
		681B87041547F867008C5F6B /* Foundation.framework in Frameworks */ = {isa = PBXBuildFile; fileRef = 681B87031547F867008C5F6B /* Foundation.framework */; };
		681B87061547F867008C5F6B /* CoreGraphics.framework in Frameworks */ = {isa = PBXBuildFile; fileRef = 681B87051547F867008C5F6B /* CoreGraphics.framework */; };
		681B870C1547F867008C5F6B /* InfoPlist.strings in Resources */ = {isa = PBXBuildFile; fileRef = 681B870A1547F867008C5F6B /* InfoPlist.strings */; };
		681B870E1547F867008C5F6B /* main.m in Sources */ = {isa = PBXBuildFile; fileRef = 681B870D1547F867008C5F6B /* main.m */; };
		681B87121547F867008C5F6B /* CircularPathAppDelegate.m in Sources */ = {isa = PBXBuildFile; fileRef = 681B87111547F867008C5F6B /* CircularPathAppDelegate.m */; };
		681B87151547F867008C5F6B /* CircularPathViewController.m in Sources */ = {isa = PBXBuildFile; fileRef = 681B87141547F867008C5F6B /* CircularPathViewController.m */; };
		681B87181547F867008C5F6B /* CircularPathViewController.xib in Resources */ = {isa = PBXBuildFile; fileRef = 681B87161547F867008C5F6B /* CircularPathViewController.xib */; };
/* End PBXBuildFile section */

/* Begin PBXFileReference section */
		681B86FD1547F867008C5F6B /* CircularPath.app */ = {isa = PBXFileReference; explicitFileType = wrapper.application; includeInIndex = 0; path = CircularPath.app; sourceTree = BUILT_PRODUCTS_DIR; };
		681B87011547F867008C5F6B /* UIKit.framework */ = {isa = PBXFileReference; lastKnownFileType = wrapper.framework; name = UIKit.framework; path = System/Library/Frameworks/UIKit.framework; sourceTree = SDKROOT; };
		681B87031547F867008C5F6B /* Foundation.framework */ = {isa = PBXFileReference; lastKnownFileType = wrapper.framework; name = Foundation.framework; path = System/Library/Frameworks/Foundation.framework; sourceTree = SDKROOT; };
		681B87051547F867008C5F6B /* CoreGraphics.framework */ = {isa = PBXFileReference; lastKnownFileType = wrapper.framework; name = CoreGraphics.framework; path = System/Library/Frameworks/CoreGraphics.framework; sourceTree = SDKROOT; };
		681B87091547F867008C5F6B /* CircularPath-Info.plist */ = {isa = PBXFileReference; path = "CircularPath-Info.plist"; sourceTree = "<group>"; };
		681B870B1547F867008C5F6B /* en */ = {isa = PBXFileReference; lastKnownFileType = text.plist.strings; name = en; path = en.lproj/InfoPlist.strings; sourceTree = "<group>"; };
		681B870D1547F867008C5F6B /* main.m */ = {isa = PBXFileReference; lastKnownFileType = sourcecode.c.objc; path = main.m; sourceTree = "<group>"; };
		681B870F1547F867008C5F6B /* CircularPath-Prefix.pch */ = {isa = PBXFileReference; path = "CircularPath-Prefix.pch"; sourceTree = "<group>"; };
		681B87101547F867008C5F6B /* CircularPathAppDelegate.h */ = {isa = PBXFileReference; path = CircularPathAppDelegate.h; sourceTree = "<group>"; };
		681B87111547F867008C5F6B /* CircularPathAppDelegate.m */ = {isa = PBXFileReference; lastKnownFileType = sourcecode.c.objc; path = CircularPathAppDelegate.m; sourceTree = "<group>"; };
		681B87131547F867008C5F6B /* CircularPathViewController.h */ = {isa = PBXFileReference; path = CircularPathViewController.h; sourceTree = "<group>"; };
		681B87141547F867008C5F6B /* CircularPathViewController.m */ = {isa = PBXFileReference; lastKnownFileType = sourcecode.c.objc; path = CircularPathViewController.m; sourceTree = "<group>"; };
		681B87171547F867008C5F6B /* en */ = {isa = PBXFileReference; lastKnownFileType = file.xib; name = en; path = en.lproj/CircularPathViewController.xib; sourceTree = "<group>"; };
/* End PBXFileReference section */

/* Begin PBXFrameworksBuildPhase section */
		681B86FA1547F867008C5F6B /* Frameworks */ = {
			isa = PBXFrameworksBuildPhase;
			buildActionMask = 2147483647;
			files = (
				681B87021547F867008C5F6B /* UIKit.framework in Frameworks */,
				681B87041547F867008C5F6B /* Foundation.framework in Frameworks */,
				681B87061547F867008C5F6B /* CoreGraphics.framework in Frameworks */,
			);
			runOnlyForDeploymentPostprocessing = 0;
		};
/* End PBXFrameworksBuildPhase section */

/* Begin PBXGroup section */
		681B86F21547F867008C5F6B = {
			isa = PBXGroup;
			children = (
				681B87071547F867008C5F6B /* CircularPath */,
				681B87001547F867008C5F6B /* Frameworks */,
				681B86FE1547F867008C5F6B /* Products */,
			);
			sourceTree = "<group>";
		};
		681B86FE1547F867008C5F6B /* Products */ = {
			isa = PBXGroup;
			children = (
				681B86FD1547F867008C5F6B /* CircularPath.app */,
			);
			name = Products;
			sourceTree = "<group>";
		};
		681B87001547F867008C5F6B /* Frameworks */ = {
			isa = PBXGroup;
			children = (
				681B87011547F867008C5F6B /* UIKit.framework */,
				681B87031547F867008C5F6B /* Foundation.framework */,
				681B87051547F867008C5F6B /* CoreGraphics.framework */,
			);
			name = Frameworks;
			sourceTree = "<group>";
		};
		681B87071547F867008C5F6B /* CircularPath */ = {
			isa = PBXGroup;
			children = (
				681B87101547F867008C5F6B /* CircularPathAppDelegate.h */,
				681B87111547F867008C5F6B /* CircularPathAppDelegate.m */,
				681B87131547F867008C5F6B /* CircularPathViewController.h */,
				681B87141547F867008C5F6B /* CircularPathViewController.m */,
				681B87161547F867008C5F6B /* CircularPathViewController.xib */,
				681B87081547F867008C5F6B /* Supporting Files */,
			);
			path = CircularPath;
			sourceTree = "<group>";
		};
		681B87081547F867008C5F6B /* Supporting Files */ = {
			isa = PBXGroup;
			children = (
				681B87091547F867008C5F6B /* CircularPath-Info.plist */,
				681B870A1547F867008C5F6B /* InfoPlist.strings */,
				681B870D1547F867008C5F6B /* main.m */,
				681B870F1547F867008C5F6B /* CircularPath-Prefix.pch */,
			);
			name = "Supporting Files";
			sourceTree = "<group>";
		};
/* End PBXGroup section */

/* Begin PBXNativeTarget section */
		681B86FC1547F867008C5F6B /* CircularPath */ = {
			isa = PBXNativeTarget;
			buildConfigurationList = 681B871B1547F867008C5F6B /* Build configuration list for PBXNativeTarget "CircularPath" */;
			buildPhases = (
				681B86F91547F867008C5F6B /* Sources */,
				681B86FA1547F867008C5F6B /* Frameworks */,
				681B86FB1547F867008C5F6B /* Resources */,
			);
			buildRules = (
			);
			dependencies = (
			);
			name = CircularPath;
			productName = CircularPath;
			productReference = 681B86FD1547F867008C5F6B /* CircularPath.app */;
			productType = "com.apple.product-type.application";
		};
/* End PBXNativeTarget section */

/* Begin PBXProject section */
		681B86F41547F867008C5F6B /* Project object */ = {
			isa = PBXProject;
			attributes = {
				CLASSPREFIX = CircularPath;
				LastUpgradeCheck = 0430;
			};
			buildConfigurationList = 681B86F71547F867008C5F6B /* Build configuration list for PBXProject "CircularPath" */;
			compatibilityVersion = "Xcode 3.2";
			developmentRegion = English;
			hasScannedForEncodings = 0;
			knownRegions = (
				en,
			);
			mainGroup = 681B86F21547F867008C5F6B;
			productRefGroup = 681B86FE1547F867008C5F6B /* Products */;
			projectDirPath = "";
			projectRoot = "";
			targets = (
				681B86FC1547F867008C5F6B /* CircularPath */,
			);
		};
/* End PBXProject section */

/* Begin PBXResourcesBuildPhase section */
		681B86FB1547F867008C5F6B /* Resources */ = {
			isa = PBXResourcesBuildPhase;
			buildActionMask = 2147483647;
			files = (
				681B870C1547F867008C5F6B /* InfoPlist.strings in Resources */,
				681B87181547F867008C5F6B /* CircularPathViewController.xib in Resources */,
			);
			runOnlyForDeploymentPostprocessing = 0;
		};
/* End PBXResourcesBuildPhase section */

/* Begin PBXSourcesBuildPhase section */
		681B86F91547F867008C5F6B /* Sources */ = {
			isa = PBXSourcesBuildPhase;
			buildActionMask = 2147483647;
			files = (
				681B870E1547F867008C5F6B /* main.m in Sources */,
				681B87121547F867008C5F6B /* CircularPathAppDelegate.m in Sources */,
				681B87151547F867008C5F6B /* CircularPathViewController.m in Sources */,
			);
			runOnlyForDeploymentPostprocessing = 0;
		};
/* End PBXSourcesBuildPhase section */

/* Begin PBXVariantGroup section */
		681B870A1547F867008C5F6B /* InfoPlist.strings */ = {
			isa = PBXVariantGroup;
			children = (
				681B870B1547F867008C5F6B /* en */,
			);
			name = InfoPlist.strings;
			sourceTree = "<group>";
		};
		681B87161547F867008C5F6B /* CircularPathViewController.xib */ = {
			isa = PBXVariantGroup;
			children = (
				681B87171547F867008C5F6B /* en */,
			);
			name = CircularPathViewController.xib;
			sourceTree = "<group>";
		};
/* End PBXVariantGroup section */

/* Begin XCBuildConfiguration section */
		681B87191547F867008C5F6B /* Debug */ = {
			isa = XCBuildConfiguration;
			buildSettings = {
				ALWAYS_SEARCH_USER_PATHS = NO;
				ARCHS = "$(ARCHS_STANDARD_32_BIT)";
				CLANG_ENABLE_OBJC_ARC = YES;
				"CODE_SIGN_IDENTITY[sdk=iphoneos*]" = "iPhone Developer";
				COPY_PHASE_STRIP = NO;
				GCC_C_LANGUAGE_STANDARD = gnu99;
				GCC_DYNAMIC_NO_PIC = NO;
				GCC_OPTIMIZATION_LEVEL = 0;
				GCC_PREPROCESSOR_DEFINITIONS = (
					"DEBUG=1",
					"$(inherited)",
				);
				GCC_SYMBOLS_PRIVATE_EXTERN = NO;
				GCC_VERSION = com.apple.compilers.llvm.clang.1_0;
				GCC_WARN_ABOUT_RETURN_TYPE = YES;
				GCC_WARN_UNINITIALIZED_AUTOS = YES;
				GCC_WARN_UNUSED_VARIABLE = YES;
				IPHONEOS_DEPLOYMENT_TARGET = 5.1;
				SDKROOT = iphoneos;
			};
			name = Debug;
		};
		681B871A1547F867008C5F6B /* Release */ = {
			isa = XCBuildConfiguration;
			buildSettings = {
				ALWAYS_SEARCH_USER_PATHS = NO;
				ARCHS = "$(ARCHS_STANDARD_32_BIT)";
				CLANG_ENABLE_OBJC_ARC = YES;
				"CODE_SIGN_IDENTITY[sdk=iphoneos*]" = "iPhone Developer";
				COPY_PHASE_STRIP = YES;
				GCC_C_LANGUAGE_STANDARD = gnu99;
				GCC_VERSION = com.apple.compilers.llvm.clang.1_0;
				GCC_WARN_ABOUT_RETURN_TYPE = YES;
				GCC_WARN_UNINITIALIZED_AUTOS = YES;
				GCC_WARN_UNUSED_VARIABLE = YES;
				IPHONEOS_DEPLOYMENT_TARGET = 5.1;
				OTHER_CFLAGS = "-DNS_BLOCK_ASSERTIONS=1";
				SDKROOT = iphoneos;
				VALIDATE_PRODUCT = YES;
			};
			name = Release;
		};
		681B871C1547F867008C5F6B /* Debug */ = {
			isa = XCBuildConfiguration;
			buildSettings = {
				GCC_PRECOMPILE_PREFIX_HEADER = YES;
				GCC_PREFIX_HEADER = "CircularPath/CircularPath-Prefix.pch";
				INFOPLIST_FILE = "CircularPath/CircularPath-Info.plist";
				PRODUCT_NAME = "$(TARGET_NAME)";
				WRAPPER_EXTENSION = app;
			};
			name = Debug;
		};
		681B871D1547F867008C5F6B /* Release */ = {
			isa = XCBuildConfiguration;
			buildSettings = {
				GCC_PRECOMPILE_PREFIX_HEADER = YES;
				GCC_PREFIX_HEADER = "CircularPath/CircularPath-Prefix.pch";
				INFOPLIST_FILE = "CircularPath/CircularPath-Info.plist";
				PRODUCT_NAME = "$(TARGET_NAME)";
				WRAPPER_EXTENSION = app;
			};
			name = Release;
		};
/* End XCBuildConfiguration section */

/* Begin XCConfigurationList section */
		681B86F71547F867008C5F6B /* Build configuration list for PBXProject "CircularPath" */ = {
			isa = XCConfigurationList;
			buildConfigurations = (
				681B87191547F867008C5F6B /* Debug */,
				681B871A1547F867008C5F6B /* Release */,
			);
			defaultConfigurationIsVisible = 0;
			defaultConfigurationName = Release;
		};
		681B871B1547F867008C5F6B /* Build configuration list for PBXNativeTarget "CircularPath" */ = {
			isa = XCConfigurationList;
			buildConfigurations = (
				681B871C1547F867008C5F6B /* Debug */,
				681B871D1547F867008C5F6B /* Release */,
			);
			defaultConfigurationIsVisible = 0;
		};
/* End XCConfigurationList section */
	};
	rootObject = 681B86F41547F867008C5F6B /* Project object */;
}
